
Microsoft Visual Studio Solution File, Format Version 12.00
# Visual Studio Version 16
VisualStudioVersion = 16.0.31129.286
MinimumVisualStudioVersion = 10.0.40219.1
Project("{FAE04EC0-301F-11D3-BF4B-00C04F79EFBC}") = "GTDDesk_CLI", "GTDDesk_CLI.csproj", "{FFB1ECE8-38D2-42A5-A1B5-7C5D8913A3B7}"
EndProject
Project("{9A19103F-16F7-4668-BE54-9A1E7A4F7556}") = "GTDDesk_Core", "..\GTDDesk_Core\GTDDesk_Core.csproj", "{77465120-1A7C-44A8-8179-CBAE6E350B96}"
EndProject
Global
	GlobalSection(SolutionConfigurationPlatforms) = preSolution
		Debug|Any CPU = Debug|Any CPU
		Release|Any CPU = Release|Any CPU
	EndGlobalSection
	GlobalSection(ProjectConfigurationPlatforms) = postSolution
		{FFB1ECE8-38D2-42A5-A1B5-7C5D8913A3B7}.Debug|Any CPU.ActiveCfg = Debug|Any CPU
		{FFB1ECE8-38D2-42A5-A1B5-7C5D8913A3B7}.Debug|Any CPU.Build.0 = Debug|Any CPU
		{FFB1ECE8-38D2-42A5-A1B5-7C5D8913A3B7}.Release|Any CPU.ActiveCfg = Release|Any CPU
		{FFB1ECE8-38D2-42A5-A1B5-7C5D8913A3B7}.Release|Any CPU.Build.0 = Release|Any CPU
		{77465120-1A7C-44A8-8179-CBAE6E350B96}.Debug|Any CPU.ActiveCfg = Debug|Any CPU
		{77465120-1A7C-44A8-8179-CBAE6E350B96}.Debug|Any CPU.Build.0 = Debug|Any CPU
		{77465120-1A7C-44A8-8179-CBAE6E350B96}.Release|Any CPU.ActiveCfg = Release|Any CPU
		{77465120-1A7C-44A8-8179-CBAE6E350B96}.Release|Any CPU.Build.0 = Release|Any CPU
	EndGlobalSection
	GlobalSection(SolutionProperties) = preSolution
		HideSolutionNode = FALSE
	EndGlobalSection
	GlobalSection(ExtensibilityGlobals) = postSolution
		SolutionGuid = {95D85FBD-5F18-43C5-AA5A-000722645CCE}
	EndGlobalSection
EndGlobal
